{
  "name": "fenland-running-club-website",
  "version": "0.1.0",
  "lockfileVersion": 3,
  "requires": true,
  "packages": {
    "": {
      "name": "fenland-running-club-website",
      "version": "0.1.0",
      "dependencies": {
        "astro": "file:vendor/astro-shim"
      },
      "devDependencies": {}
    },
    "node_modules/astro": {
      "resolved": "vendor/astro-shim",
      "link": true
    },
    "vendor/astro-shim": {
      "name": "astro",
      "version": "5.13.8",
      "bin": {
        "astro": "bin/astro.js"
      }
    }
  }
}
